
Microsoft Visual Studio Solution File, Format Version 12.00
# Visual Studio Version 17
VisualStudioVersion = 17.8.34330.188
MinimumVisualStudioVersion = 10.0.40219.1
Project("{FAE04EC0-301F-11D3-BF4B-00C04F79EFBC}") = "HotelListing.API", "HotelListing.API\HotelListing.API.csproj", "{F8C509AB-6011-40B8-A07B-F013519AEB8E}"
EndProject
Global
	GlobalSection(SolutionConfigurationPlatforms) = preSolution
		Debug|Any CPU = Debug|Any CPU
		Release|Any CPU = Release|Any CPU
	EndGlobalSection
	GlobalSection(ProjectConfigurationPlatforms) = postSolution
		{F8C509AB-6011-40B8-A07B-F013519AEB8E}.Debug|Any CPU.ActiveCfg = Debug|Any CPU
		{F8C509AB-6011-40B8-A07B-F013519AEB8E}.Debug|Any CPU.Build.0 = Debug|Any CPU
		{F8C509AB-6011-40B8-A07B-F013519AEB8E}.Release|Any CPU.ActiveCfg = Release|Any CPU
		{F8C509AB-6011-40B8-A07B-F013519AEB8E}.Release|Any CPU.Build.0 = Release|Any CPU
	EndGlobalSection
	GlobalSection(SolutionProperties) = preSolution
		HideSolutionNode = FALSE
	EndGlobalSection
	GlobalSection(ExtensibilityGlobals) = postSolution
		SolutionGuid = {E588BD15-E7E0-4D97-8D1E-430BB66EC0F7}
	EndGlobalSection
EndGlobal
